Microsoft Visual Studio Solution File, Format Version 12.00
# Visual Studio Version 17
VisualStudioVersion = 17.5.2.0
MinimumVisualStudioVersion = 10.0.40219.1
Project("{FAE04EC0-301F-11D3-BF4B-00C04F79EFBC}") = "Techtoni.Reserve.Ai", "Techtoni.Reserve.Ai\Techtoni.Reserve.Ai.csproj", "{D52DFBFB-AD3C-8D45-85F9-EF1E8D525397}"
EndProject
Project("{FAE04EC0-301F-11D3-BF4B-00C04F79EFBC}") = "Techtoni.Reserve.Ai.Tests", "Techtoni.Reserve.Ai.Tests\Techtoni.Reserve.Ai.Tests.csproj", "{64BEC726-BE8D-4D64-B41C-4C9BE0CE9E0B}"
EndProject
Global
	GlobalSection(SolutionConfigurationPlatforms) = preSolution
		Debug|Any CPU = Debug|Any CPU
		Release|Any CPU = Release|Any CPU
	EndGlobalSection
	GlobalSection(ProjectConfigurationPlatforms) = postSolution
		{D52DFBFB-AD3C-8D45-85F9-EF1E8D525397}.Debug|Any CPU.ActiveCfg = Debug|Any CPU
		{D52DFBFB-AD3C-8D45-85F9-EF1E8D525397}.Debug|Any CPU.Build.0 = Debug|Any CPU
		{D52DFBFB-AD3C-8D45-85F9-EF1E8D525397}.Release|Any CPU.ActiveCfg = Release|Any CPU
		{D52DFBFB-AD3C-8D45-85F9-EF1E8D525397}.Release|Any CPU.Build.0 = Release|Any CPU
		{64BEC726-BE8D-4D64-B41C-4C9BE0CE9E0B}.Debug|Any CPU.ActiveCfg = Debug|Any CPU
		{64BEC726-BE8D-4D64-B41C-4C9BE0CE9E0B}.Debug|Any CPU.Build.0 = Debug|Any CPU
		{64BEC726-BE8D-4D64-B41C-4C9BE0CE9E0B}.Release|Any CPU.ActiveCfg = Release|Any CPU
		{64BEC726-BE8D-4D64-B41C-4C9BE0CE9E0B}.Release|Any CPU.Build.0 = Release|Any CPU
	EndGlobalSection
	GlobalSection(SolutionProperties) = preSolution
		HideSolutionNode = FALSE
	EndGlobalSection
	GlobalSection(ExtensibilityGlobals) = postSolution
		SolutionGuid = {A4EDD45A-49FE-44B7-A775-CA3FBF6DEAA5}
	EndGlobalSection
EndGlobal
